
Microsoft Visual Studio Solution File, Format Version 12.00
# Visual Studio Version 17
VisualStudioVersion = 17.4.33213.308
MinimumVisualStudioVersion = 10.0.40219.1
Project("{FAE04EC0-301F-11D3-BF4B-00C04F79EFBC}") = "TqkLibrary.SDL2.Audio", "TqkLibrary.SDL2.Audio\TqkLibrary.SDL2.Audio.csproj", "{45DA5B4D-E508-4509-9F09-D454A0A449D1}"
EndProject
Project("{8BC9CEB8-8B4A-11D0-8D11-00A0C91BC942}") = "TqkLibrary.SDL2.Audio.Native", "TqkLibrary.SDL2.Audio.Native\TqkLibrary.SDL2.Audio.Native.vcxproj", "{D470BC77-802F-4FA4-9FAA-EF5452B5308C}"
EndProject
Global
	GlobalSection(SolutionConfigurationPlatforms) = preSolution
		Debug|Any CPU = Debug|Any CPU
		Debug|x64 = Debug|x64
		Debug|x86 = Debug|x86
		Release|Any CPU = Release|Any CPU
		Release|x64 = Release|x64
		Release|x86 = Release|x86
	EndGlobalSection
	GlobalSection(ProjectConfigurationPlatforms) = postSolution
		{45DA5B4D-E508-4509-9F09-D454A0A449D1}.Debug|Any CPU.ActiveCfg = Debug|Any CPU
		{45DA5B4D-E508-4509-9F09-D454A0A449D1}.Debug|Any CPU.Build.0 = Debug|Any CPU
		{45DA5B4D-E508-4509-9F09-D454A0A449D1}.Debug|x64.ActiveCfg = Debug|x64
		{45DA5B4D-E508-4509-9F09-D454A0A449D1}.Debug|x64.Build.0 = Debug|x64
		{45DA5B4D-E508-4509-9F09-D454A0A449D1}.Debug|x86.ActiveCfg = Debug|x86
		{45DA5B4D-E508-4509-9F09-D454A0A449D1}.Debug|x86.Build.0 = Debug|x86
		{45DA5B4D-E508-4509-9F09-D454A0A449D1}.Release|Any CPU.ActiveCfg = Release|Any CPU
		{45DA5B4D-E508-4509-9F09-D454A0A449D1}.Release|Any CPU.Build.0 = Release|Any CPU
		{45DA5B4D-E508-4509-9F09-D454A0A449D1}.Release|x64.ActiveCfg = Release|x64
		{45DA5B4D-E508-4509-9F09-D454A0A449D1}.Release|x64.Build.0 = Release|x64
		{45DA5B4D-E508-4509-9F09-D454A0A449D1}.Release|x86.ActiveCfg = Release|x86
		{45DA5B4D-E508-4509-9F09-D454A0A449D1}.Release|x86.Build.0 = Release|x86
		{D470BC77-802F-4FA4-9FAA-EF5452B5308C}.Debug|Any CPU.ActiveCfg = Debug|x64
		{D470BC77-802F-4FA4-9FAA-EF5452B5308C}.Debug|Any CPU.Build.0 = Debug|x64
		{D470BC77-802F-4FA4-9FAA-EF5452B5308C}.Debug|x64.ActiveCfg = Debug|x64
		{D470BC77-802F-4FA4-9FAA-EF5452B5308C}.Debug|x64.Build.0 = Debug|x64
		{D470BC77-802F-4FA4-9FAA-EF5452B5308C}.Debug|x86.ActiveCfg = Debug|Win32
		{D470BC77-802F-4FA4-9FAA-EF5452B5308C}.Debug|x86.Build.0 = Debug|Win32
		{D470BC77-802F-4FA4-9FAA-EF5452B5308C}.Release|Any CPU.ActiveCfg = Release|x64
		{D470BC77-802F-4FA4-9FAA-EF5452B5308C}.Release|Any CPU.Build.0 = Release|x64
		{D470BC77-802F-4FA4-9FAA-EF5452B5308C}.Release|x64.ActiveCfg = Release|x64
		{D470BC77-802F-4FA4-9FAA-EF5452B5308C}.Release|x64.Build.0 = Release|x64
		{D470BC77-802F-4FA4-9FAA-EF5452B5308C}.Release|x86.ActiveCfg = Release|Win32
		{D470BC77-802F-4FA4-9FAA-EF5452B5308C}.Release|x86.Build.0 = Release|Win32
	EndGlobalSection
	GlobalSection(SolutionProperties) = preSolution
		HideSolutionNode = FALSE
	EndGlobalSection
	GlobalSection(ExtensibilityGlobals) = postSolution
		SolutionGuid = {5A068B5E-D1F2-42EC-A28C-FC728A5C905D}
	EndGlobalSection
EndGlobal
